
Microsoft Visual Studio Solution File, Format Version 12.00
# Visual Studio Version 17
VisualStudioVersion = 17.9.34310.174
MinimumVisualStudioVersion = 10.0.40219.1
Project("{FAE04EC0-301F-11D3-BF4B-00C04F79EFBC}") = "ЛР_14(tabul_wind)", "ЛР_14(tabul_wind)\ЛР_14(tabul_wind).csproj", "{5DD7F269-4E86-4C7E-B14A-2FE7E8E825DC}"
EndProject
Global
	GlobalSection(SolutionConfigurationPlatforms) = preSolution
		Debug|Any CPU = Debug|Any CPU
		Release|Any CPU = Release|Any CPU
	EndGlobalSection
	GlobalSection(ProjectConfigurationPlatforms) = postSolution
		{5DD7F269-4E86-4C7E-B14A-2FE7E8E825DC}.Debug|Any CPU.ActiveCfg = Debug|Any CPU
		{5DD7F269-4E86-4C7E-B14A-2FE7E8E825DC}.Debug|Any CPU.Build.0 = Debug|Any CPU
		{5DD7F269-4E86-4C7E-B14A-2FE7E8E825DC}.Release|Any CPU.ActiveCfg = Release|Any CPU
		{5DD7F269-4E86-4C7E-B14A-2FE7E8E825DC}.Release|Any CPU.Build.0 = Release|Any CPU
	EndGlobalSection
	GlobalSection(SolutionProperties) = preSolution
		HideSolutionNode = FALSE
	EndGlobalSection
	GlobalSection(ExtensibilityGlobals) = postSolution
		SolutionGuid = {836C9D0B-796A-499B-9147-88EDA4599BCC}
	EndGlobalSection
EndGlobal
